
Microsoft Visual Studio Solution File, Format Version 12.00
# Visual Studio Version 17
VisualStudioVersion = 17.14.36203.30
MinimumVisualStudioVersion = 10.0.40219.1
Project("{FAE04EC0-301F-11D3-BF4B-00C04F79EFBC}") = "WPF_Learning", "WPF_Learning\WPF_Learning.csproj", "{142401A5-484D-4DFB-8785-28B5A566309C}"
EndProject
Project("{FAE04EC0-301F-11D3-BF4B-00C04F79EFBC}") = "User", "UserService\User.csproj", "{D615C7F4-F24B-4EFB-9BAC-1A97A680DCC6}"
EndProject
Project("{2150E333-8FDC-42A3-9474-1A3956D46DE8}") = "UserService", "UserService", "{02EA681E-C7D8-13C7-8484-4AC65E1B71E8}"
EndProject
Project("{FAE04EC0-301F-11D3-BF4B-00C04F79EFBC}") = "Authentication", "Authentification\Authentication.csproj", "{92BC1E28-BE68-4DB2-89A1-C314D1541CEC}"
EndProject
Project("{2150E333-8FDC-42A3-9474-1A3956D46DE8}") = "User", "User", "{5AE75C8A-50DE-42CD-AA57-D0AAFF7ED819}"
EndProject
Project("{2150E333-8FDC-42A3-9474-1A3956D46DE8}") = "Services", "Services", "{CD9C7E8B-18E9-430C-AA83-3A2F8B30C338}"
EndProject
Project("{2150E333-8FDC-42A3-9474-1A3956D46DE8}") = "Controllers", "Controllers", "{D9D34320-00CE-4839-9361-0774684BAC84}"
EndProject
Project("{2150E333-8FDC-42A3-9474-1A3956D46DE8}") = "Data", "Data", "{58E449E4-908F-494D-99A3-F5A524DA7423}"
EndProject
Project("{FAE04EC0-301F-11D3-BF4B-00C04F79EFBC}") = "AuthController", "AuthController\AuthController.csproj", "{488CC672-90E1-4E9E-8A77-6BF83EF155E6}"
EndProject
Project("{FAE04EC0-301F-11D3-BF4B-00C04F79EFBC}") = "AdventureWorks", "AdventureWorks\AdventureWorks.csproj", "{2A6E752D-D3AC-494D-B4FB-E6287A9293A6}"
EndProject
Project("{2150E333-8FDC-42A3-9474-1A3956D46DE8}") = "Repositories", "Repositories", "{C620DDA6-849E-4741-BAB6-E8C727FB28EC}"
EndProject
Project("{FAE04EC0-301F-11D3-BF4B-00C04F79EFBC}") = "UserRepository", "UserRepository\UserRepository.csproj", "{CDCEF523-91D4-4D96-9255-0CFE59E86428}"
EndProject
Global
	GlobalSection(SolutionConfigurationPlatforms) = preSolution
		Debug|Any CPU = Debug|Any CPU
		Release|Any CPU = Release|Any CPU
	EndGlobalSection
	GlobalSection(ProjectConfigurationPlatforms) = postSolution
		{142401A5-484D-4DFB-8785-28B5A566309C}.Debug|Any CPU.ActiveCfg = Debug|Any CPU
		{142401A5-484D-4DFB-8785-28B5A566309C}.Debug|Any CPU.Build.0 = Debug|Any CPU
		{142401A5-484D-4DFB-8785-28B5A566309C}.Release|Any CPU.ActiveCfg = Release|Any CPU
		{142401A5-484D-4DFB-8785-28B5A566309C}.Release|Any CPU.Build.0 = Release|Any CPU
		{D615C7F4-F24B-4EFB-9BAC-1A97A680DCC6}.Debug|Any CPU.ActiveCfg = Debug|Any CPU
		{D615C7F4-F24B-4EFB-9BAC-1A97A680DCC6}.Debug|Any CPU.Build.0 = Debug|Any CPU
		{D615C7F4-F24B-4EFB-9BAC-1A97A680DCC6}.Release|Any CPU.ActiveCfg = Release|Any CPU
		{D615C7F4-F24B-4EFB-9BAC-1A97A680DCC6}.Release|Any CPU.Build.0 = Release|Any CPU
		{92BC1E28-BE68-4DB2-89A1-C314D1541CEC}.Debug|Any CPU.ActiveCfg = Debug|Any CPU
		{92BC1E28-BE68-4DB2-89A1-C314D1541CEC}.Debug|Any CPU.Build.0 = Debug|Any CPU
		{92BC1E28-BE68-4DB2-89A1-C314D1541CEC}.Release|Any CPU.ActiveCfg = Release|Any CPU
		{92BC1E28-BE68-4DB2-89A1-C314D1541CEC}.Release|Any CPU.Build.0 = Release|Any CPU
		{488CC672-90E1-4E9E-8A77-6BF83EF155E6}.Debug|Any CPU.ActiveCfg = Debug|Any CPU
		{488CC672-90E1-4E9E-8A77-6BF83EF155E6}.Debug|Any CPU.Build.0 = Debug|Any CPU
		{488CC672-90E1-4E9E-8A77-6BF83EF155E6}.Release|Any CPU.ActiveCfg = Release|Any CPU
		{488CC672-90E1-4E9E-8A77-6BF83EF155E6}.Release|Any CPU.Build.0 = Release|Any CPU
		{2A6E752D-D3AC-494D-B4FB-E6287A9293A6}.Debug|Any CPU.ActiveCfg = Debug|Any CPU
		{2A6E752D-D3AC-494D-B4FB-E6287A9293A6}.Debug|Any CPU.Build.0 = Debug|Any CPU
		{2A6E752D-D3AC-494D-B4FB-E6287A9293A6}.Release|Any CPU.ActiveCfg = Release|Any CPU
		{2A6E752D-D3AC-494D-B4FB-E6287A9293A6}.Release|Any CPU.Build.0 = Release|Any CPU
		{CDCEF523-91D4-4D96-9255-0CFE59E86428}.Debug|Any CPU.ActiveCfg = Debug|Any CPU
		{CDCEF523-91D4-4D96-9255-0CFE59E86428}.Debug|Any CPU.Build.0 = Debug|Any CPU
		{CDCEF523-91D4-4D96-9255-0CFE59E86428}.Release|Any CPU.ActiveCfg = Release|Any CPU
		{CDCEF523-91D4-4D96-9255-0CFE59E86428}.Release|Any CPU.Build.0 = Release|Any CPU
	EndGlobalSection
	GlobalSection(SolutionProperties) = preSolution
		HideSolutionNode = FALSE
	EndGlobalSection
	GlobalSection(NestedProjects) = preSolution
		{D615C7F4-F24B-4EFB-9BAC-1A97A680DCC6} = {5AE75C8A-50DE-42CD-AA57-D0AAFF7ED819}
		{92BC1E28-BE68-4DB2-89A1-C314D1541CEC} = {CD9C7E8B-18E9-430C-AA83-3A2F8B30C338}
		{5AE75C8A-50DE-42CD-AA57-D0AAFF7ED819} = {02EA681E-C7D8-13C7-8484-4AC65E1B71E8}
		{CD9C7E8B-18E9-430C-AA83-3A2F8B30C338} = {02EA681E-C7D8-13C7-8484-4AC65E1B71E8}
		{D9D34320-00CE-4839-9361-0774684BAC84} = {02EA681E-C7D8-13C7-8484-4AC65E1B71E8}
		{58E449E4-908F-494D-99A3-F5A524DA7423} = {02EA681E-C7D8-13C7-8484-4AC65E1B71E8}
		{488CC672-90E1-4E9E-8A77-6BF83EF155E6} = {D9D34320-00CE-4839-9361-0774684BAC84}
		{2A6E752D-D3AC-494D-B4FB-E6287A9293A6} = {58E449E4-908F-494D-99A3-F5A524DA7423}
		{C620DDA6-849E-4741-BAB6-E8C727FB28EC} = {02EA681E-C7D8-13C7-8484-4AC65E1B71E8}
		{CDCEF523-91D4-4D96-9255-0CFE59E86428} = {C620DDA6-849E-4741-BAB6-E8C727FB28EC}
	EndGlobalSection
	GlobalSection(ExtensibilityGlobals) = postSolution
		SolutionGuid = {FB548F94-8C55-49AE-B146-5665453B601A}
	EndGlobalSection
EndGlobal
