
Microsoft Visual Studio Solution File, Format Version 12.00
# Visual Studio Version 17
VisualStudioVersion = 17.14.36203.30
MinimumVisualStudioVersion = 10.0.40219.1
Project("{FAE04EC0-301F-11D3-BF4B-00C04F79EFBC}") = "WPF_Learning", "WPF_Learning\WPF_Learning.csproj", "{142401A5-484D-4DFB-8785-28B5A566309C}"
EndProject
Project("{FAE04EC0-301F-11D3-BF4B-00C04F79EFBC}") = "UserServiceAPI", "UserService\UserServiceAPI.csproj", "{B29D6F6D-36FF-4FC8-8675-AAFC664F5E40}"
EndProject
Project("{FAE04EC0-301F-11D3-BF4B-00C04F79EFBC}") = "ServiceIdentityAPI", "ServiceIdentitiAPI\ServiceIdentityAPI.csproj", "{D8D1B25A-E15B-4809-99D0-1D13F79872A4}"
EndProject
Project("{FAE04EC0-301F-11D3-BF4B-00C04F79EFBC}") = "ServiceOrderAPI", "ServiceOrderAPI\ServiceOrderAPI.csproj", "{445C6C14-EB26-47DC-9800-21F23DB5B3F5}"
EndProject
Global
	GlobalSection(SolutionConfigurationPlatforms) = preSolution
		Debug|Any CPU = Debug|Any CPU
		Release|Any CPU = Release|Any CPU
	EndGlobalSection
	GlobalSection(ProjectConfigurationPlatforms) = postSolution
		{142401A5-484D-4DFB-8785-28B5A566309C}.Debug|Any CPU.ActiveCfg = Debug|Any CPU
		{142401A5-484D-4DFB-8785-28B5A566309C}.Debug|Any CPU.Build.0 = Debug|Any CPU
		{142401A5-484D-4DFB-8785-28B5A566309C}.Release|Any CPU.ActiveCfg = Release|Any CPU
		{142401A5-484D-4DFB-8785-28B5A566309C}.Release|Any CPU.Build.0 = Release|Any CPU
		{B29D6F6D-36FF-4FC8-8675-AAFC664F5E40}.Debug|Any CPU.ActiveCfg = Debug|Any CPU
		{B29D6F6D-36FF-4FC8-8675-AAFC664F5E40}.Debug|Any CPU.Build.0 = Debug|Any CPU
		{B29D6F6D-36FF-4FC8-8675-AAFC664F5E40}.Release|Any CPU.ActiveCfg = Release|Any CPU
		{B29D6F6D-36FF-4FC8-8675-AAFC664F5E40}.Release|Any CPU.Build.0 = Release|Any CPU
		{D8D1B25A-E15B-4809-99D0-1D13F79872A4}.Debug|Any CPU.ActiveCfg = Debug|Any CPU
		{D8D1B25A-E15B-4809-99D0-1D13F79872A4}.Debug|Any CPU.Build.0 = Debug|Any CPU
		{D8D1B25A-E15B-4809-99D0-1D13F79872A4}.Release|Any CPU.ActiveCfg = Release|Any CPU
		{D8D1B25A-E15B-4809-99D0-1D13F79872A4}.Release|Any CPU.Build.0 = Release|Any CPU
		{445C6C14-EB26-47DC-9800-21F23DB5B3F5}.Debug|Any CPU.ActiveCfg = Debug|Any CPU
		{445C6C14-EB26-47DC-9800-21F23DB5B3F5}.Debug|Any CPU.Build.0 = Debug|Any CPU
		{445C6C14-EB26-47DC-9800-21F23DB5B3F5}.Release|Any CPU.ActiveCfg = Release|Any CPU
		{445C6C14-EB26-47DC-9800-21F23DB5B3F5}.Release|Any CPU.Build.0 = Release|Any CPU
	EndGlobalSection
	GlobalSection(SolutionProperties) = preSolution
		HideSolutionNode = FALSE
	EndGlobalSection
	GlobalSection(ExtensibilityGlobals) = postSolution
		SolutionGuid = {FB548F94-8C55-49AE-B146-5665453B601A}
	EndGlobalSection
EndGlobal
